
Microsoft Visual Studio Solution File, Format Version 12.00
# Visual Studio Version 17
VisualStudioVersion = 17.14.36623.8 d17.14
MinimumVisualStudioVersion = 10.0.40219.1
Project("{00D1A9C2-B5F0-4AF3-8072-F6C62B433612}") = "Labs.Inventory.Database", "Labs.Inventory.Database\Labs.Inventory.Database.sqlproj", "{E5423EF8-8FD5-4938-9C43-13C7F80D8BD0}"
EndProject
Global
	GlobalSection(SolutionConfigurationPlatforms) = preSolution
		Debug|Any CPU = Debug|Any CPU
		Release|Any CPU = Release|Any CPU
	EndGlobalSection
	GlobalSection(ProjectConfigurationPlatforms) = postSolution
		{E5423EF8-8FD5-4938-9C43-13C7F80D8BD0}.Debug|Any CPU.ActiveCfg = Debug|Any CPU
		{E5423EF8-8FD5-4938-9C43-13C7F80D8BD0}.Debug|Any CPU.Build.0 = Debug|Any CPU
		{E5423EF8-8FD5-4938-9C43-13C7F80D8BD0}.Debug|Any CPU.Deploy.0 = Debug|Any CPU
		{E5423EF8-8FD5-4938-9C43-13C7F80D8BD0}.Release|Any CPU.ActiveCfg = Release|Any CPU
		{E5423EF8-8FD5-4938-9C43-13C7F80D8BD0}.Release|Any CPU.Build.0 = Release|Any CPU
		{E5423EF8-8FD5-4938-9C43-13C7F80D8BD0}.Release|Any CPU.Deploy.0 = Release|Any CPU
	EndGlobalSection
	GlobalSection(SolutionProperties) = preSolution
		HideSolutionNode = FALSE
	EndGlobalSection
	GlobalSection(ExtensibilityGlobals) = postSolution
		SolutionGuid = {F73C9C67-5A89-4C78-86F9-66589EE2AD89}
	EndGlobalSection
EndGlobal
